
Microsoft Visual Studio Solution File, Format Version 12.00
# Visual Studio Version 16
VisualStudioVersion = 16.0.29409.12
MinimumVisualStudioVersion = 10.0.40219.1
Project("{FAE04EC0-301F-11D3-BF4B-00C04F79EFBC}") = "WebAdvert.Web", "WebAdvert.Web.csproj", "{FC73247E-C8B3-4E79-A82F-E82B13B49EC4}"
EndProject
Global
	GlobalSection(SolutionConfigurationPlatforms) = preSolution
		Debug|Any CPU = Debug|Any CPU
		Release|Any CPU = Release|Any CPU
	EndGlobalSection
	GlobalSection(ProjectConfigurationPlatforms) = postSolution
		{FC73247E-C8B3-4E79-A82F-E82B13B49EC4}.Debug|Any CPU.ActiveCfg = Debug|Any CPU
		{FC73247E-C8B3-4E79-A82F-E82B13B49EC4}.Debug|Any CPU.Build.0 = Debug|Any CPU
		{FC73247E-C8B3-4E79-A82F-E82B13B49EC4}.Release|Any CPU.ActiveCfg = Release|Any CPU
		{FC73247E-C8B3-4E79-A82F-E82B13B49EC4}.Release|Any CPU.Build.0 = Release|Any CPU
	EndGlobalSection
	GlobalSection(SolutionProperties) = preSolution
		HideSolutionNode = FALSE
	EndGlobalSection
	GlobalSection(ExtensibilityGlobals) = postSolution
		SolutionGuid = {4DD92FD2-24CA-499B-BC4B-6AAAE5121810}
	EndGlobalSection
EndGlobal
